// !$*UTF8*$!
{
	archiveVersion = 1;
	classes = {
	};
	objectVersion = 55;
	objects = {

/* Begin PBXBuildFile section */
		6779E9472996C51600D495F2 /* AppDelegate.swift in Sources */ = {isa = PBXBuildFile; fileRef = 6779E9462996C51600D495F2 /* AppDelegate.swift */; };
		6779E9502996C51A00D495F2 /* Assets.xcassets in Resources */ = {isa = PBXBuildFile; fileRef = 6779E94F2996C51A00D495F2 /* Assets.xcassets */; };
		6779E9532996C51A00D495F2 /* LaunchScreen.storyboard in Resources */ = {isa = PBXBuildFile; fileRef = 6779E9512996C51A00D495F2 /* LaunchScreen.storyboard */; };
		6779E9602996C5D200D495F2 /* UIColor+hex.swift in Sources */ = {isa = PBXBuildFile; fileRef = 6779E95F2996C5D200D495F2 /* UIColor+hex.swift */; };
		6779E9622996C5D600D495F2 /* Double+adjustSize.swift in Sources */ = {isa = PBXBuildFile; fileRef = 6779E9612996C5D600D495F2 /* Double+adjustSize.swift */; };
		6779E9672996C5E100D495F2 /* AppCoordinator.swift in Sources */ = {isa = PBXBuildFile; fileRef = 6779E9642996C5E100D495F2 /* AppCoordinator.swift */; };
		6779E9682996C5E100D495F2 /* CoordinatorProtocol.swift in Sources */ = {isa = PBXBuildFile; fileRef = 6779E9662996C5E100D495F2 /* CoordinatorProtocol.swift */; };
		6779E9722996C5FB00D495F2 /* MainViewModel.swift in Sources */ = {isa = PBXBuildFile; fileRef = 6779E96D2996C5FB00D495F2 /* MainViewModel.swift */; };
		6779E9732996C5FB00D495F2 /* Dynamic.swift in Sources */ = {isa = PBXBuildFile; fileRef = 6779E96F2996C5FB00D495F2 /* Dynamic.swift */; };
		6779E9752996C7E300D495F2 /* MainViewController.swift in Sources */ = {isa = PBXBuildFile; fileRef = 6779E9742996C7E300D495F2 /* MainViewController.swift */; };
		67B1CF5429978DE000D79BAB /* Onboarding.swift in Sources */ = {isa = PBXBuildFile; fileRef = 67B1CF5329978DE000D79BAB /* Onboarding.swift */; };
		67B1CF56299799D200D79BAB /* UIButton+CustomButton.swift in Sources */ = {isa = PBXBuildFile; fileRef = 67B1CF55299799D200D79BAB /* UIButton+CustomButton.swift */; };
		67B1CF582997A54B00D79BAB /* UIViewController+showRateView.swift in Sources */ = {isa = PBXBuildFile; fileRef = 67B1CF572997A54B00D79BAB /* UIViewController+showRateView.swift */; };
		67B1CF5A2997AB0F00D79BAB /* UserDefaultsManager.swift in Sources */ = {isa = PBXBuildFile; fileRef = 67B1CF592997AB0F00D79BAB /* UserDefaultsManager.swift */; };
/* End PBXBuildFile section */

/* Begin PBXFileReference section */
		6779E9432996C51600D495F2 /* TraidingSimulator.app */ = {isa = PBXFileReference; explicitFileType = wrapper.application; includeInIndex = 0; path = TraidingSimulator.app; sourceTree = BUILT_PRODUCTS_DIR; };
		6779E9462996C51600D495F2 /* AppDelegate.swift */ = {isa = PBXFileReference; lastKnownFileType = sourcecode.swift; path = AppDelegate.swift; sourceTree = "<group>"; };
		6779E94F2996C51A00D495F2 /* Assets.xcassets */ = {isa = PBXFileReference; lastKnownFileType = folder.assetcatalog; path = Assets.xcassets; sourceTree = "<group>"; };
		6779E9522996C51A00D495F2 /* Base */ = {isa = PBXFileReference; lastKnownFileType = file.storyboard; name = Base; path = Base.lproj/LaunchScreen.storyboard; sourceTree = "<group>"; };
		6779E9542996C51A00D495F2 /* Info.plist */ = {isa = PBXFileReference; lastKnownFileType = text.plist.xml; path = Info.plist; sourceTree = "<group>"; };
		6779E95F2996C5D200D495F2 /* UIColor+hex.swift */ = {isa = PBXFileReference; fileEncoding = 4; lastKnownFileType = sourcecode.swift; path = "UIColor+hex.swift"; sourceTree = "<group>"; };
		6779E9612996C5D600D495F2 /* Double+adjustSize.swift */ = {isa = PBXFileReference; fileEncoding = 4; lastKnownFileType = sourcecode.swift; path = "Double+adjustSize.swift"; sourceTree = "<group>"; };
		6779E9642996C5E100D495F2 /* AppCoordinator.swift */ = {isa = PBXFileReference; fileEncoding = 4; lastKnownFileType = sourcecode.swift; path = AppCoordinator.swift; sourceTree = "<group>"; };
		6779E9662996C5E100D495F2 /* CoordinatorProtocol.swift */ = {isa = PBXFileReference; fileEncoding = 4; lastKnownFileType = sourcecode.swift; path = CoordinatorProtocol.swift; sourceTree = "<group>"; };
		6779E96D2996C5FB00D495F2 /* MainViewModel.swift */ = {isa = PBXFileReference; fileEncoding = 4; lastKnownFileType = sourcecode.swift; path = MainViewModel.swift; sourceTree = "<group>"; };
		6779E96F2996C5FB00D495F2 /* Dynamic.swift */ = {isa = PBXFileReference; fileEncoding = 4; lastKnownFileType = sourcecode.swift; path = Dynamic.swift; sourceTree = "<group>"; };
		6779E9742996C7E300D495F2 /* MainViewController.swift */ = {isa = PBXFileReference; fileEncoding = 4; lastKnownFileType = sourcecode.swift; path = MainViewController.swift; sourceTree = "<group>"; };
		67B1CF5329978DE000D79BAB /* Onboarding.swift */ = {isa = PBXFileReference; lastKnownFileType = sourcecode.swift; path = Onboarding.swift; sourceTree = "<group>"; };
		67B1CF55299799D200D79BAB /* UIButton+CustomButton.swift */ = {isa = PBXFileReference; fileEncoding = 4; lastKnownFileType = sourcecode.swift; path = "UIButton+CustomButton.swift"; sourceTree = "<group>"; };
		67B1CF572997A54B00D79BAB /* UIViewController+showRateView.swift */ = {isa = PBXFileReference; lastKnownFileType = sourcecode.swift; path = "UIViewController+showRateView.swift"; sourceTree = "<group>"; };
		67B1CF592997AB0F00D79BAB /* UserDefaultsManager.swift */ = {isa = PBXFileReference; lastKnownFileType = sourcecode.swift; path = UserDefaultsManager.swift; sourceTree = "<group>"; };
/* End PBXFileReference section */

/* Begin PBXFrameworksBuildPhase section */
		6779E9402996C51600D495F2 /* Frameworks */ = {
			isa = PBXFrameworksBuildPhase;
			buildActionMask = 2147483647;
			files = (
			);
			runOnlyForDeploymentPostprocessing = 0;
		};
/* End PBXFrameworksBuildPhase section */

/* Begin PBXGroup section */
		6779E93A2996C51600D495F2 = {
			isa = PBXGroup;
			children = (
				6779E9452996C51600D495F2 /* TraidingSimulator */,
				6779E9442996C51600D495F2 /* Products */,
			);
			sourceTree = "<group>";
		};
		6779E9442996C51600D495F2 /* Products */ = {
			isa = PBXGroup;
			children = (
				6779E9432996C51600D495F2 /* TraidingSimulator.app */,
			);
			name = Products;
			sourceTree = "<group>";
		};
		6779E9452996C51600D495F2 /* TraidingSimulator */ = {
			isa = PBXGroup;
			children = (
				6779E95A2996C54400D495F2 /* App */,
				6779E95B2996C55000D495F2 /* Extensions */,
				6779E9692996C5E800D495F2 /* Storyboards */,
				6779E9632996C5E100D495F2 /* Coordinator */,
				6779E95E2996C5AA00D495F2 /* Services */,
				6779E95C2996C56800D495F2 /* Models */,
				6779E95D2996C5A500D495F2 /* Views */,
				6779E96A2996C5FB00D495F2 /* ViewModels */,
				6779E94F2996C51A00D495F2 /* Assets.xcassets */,
				6779E9542996C51A00D495F2 /* Info.plist */,
			);
			path = TraidingSimulator;
			sourceTree = "<group>";
		};
		6779E95A2996C54400D495F2 /* App */ = {
			isa = PBXGroup;
			children = (
				6779E9462996C51600D495F2 /* AppDelegate.swift */,
			);
			path = App;
			sourceTree = "<group>";
		};
		6779E95B2996C55000D495F2 /* Extensions */ = {
			isa = PBXGroup;
			children = (
				6779E95F2996C5D200D495F2 /* UIColor+hex.swift */,
				6779E9612996C5D600D495F2 /* Double+adjustSize.swift */,
				67B1CF55299799D200D79BAB /* UIButton+CustomButton.swift */,
				67B1CF572997A54B00D79BAB /* UIViewController+showRateView.swift */,
			);
			path = Extensions;
			sourceTree = "<group>";
		};
		6779E95C2996C56800D495F2 /* Models */ = {
			isa = PBXGroup;
			children = (
			);
			path = Models;
			sourceTree = "<group>";
		};
		6779E95D2996C5A500D495F2 /* Views */ = {
			isa = PBXGroup;
			children = (
				6779E9742996C7E300D495F2 /* MainViewController.swift */,
				67B1CF5329978DE000D79BAB /* Onboarding.swift */,
			);
			path = Views;
			sourceTree = "<group>";
		};
		6779E95E2996C5AA00D495F2 /* Services */ = {
			isa = PBXGroup;
			children = (
				67B1CF592997AB0F00D79BAB /* UserDefaultsManager.swift */,
			);
			path = Services;
			sourceTree = "<group>";
		};
		6779E9632996C5E100D495F2 /* Coordinator */ = {
			isa = PBXGroup;
			children = (
				6779E9642996C5E100D495F2 /* AppCoordinator.swift */,
				6779E9652996C5E100D495F2 /* Protocol */,
			);
			path = Coordinator;
			sourceTree = "<group>";
		};
		6779E9652996C5E100D495F2 /* Protocol */ = {
			isa = PBXGroup;
			children = (
				6779E9662996C5E100D495F2 /* CoordinatorProtocol.swift */,
			);
			path = Protocol;
			sourceTree = "<group>";
		};
		6779E9692996C5E800D495F2 /* Storyboards */ = {
			isa = PBXGroup;
			children = (
				6779E9512996C51A00D495F2 /* LaunchScreen.storyboard */,
			);
			path = Storyboards;
			sourceTree = "<group>";
		};
		6779E96A2996C5FB00D495F2 /* ViewModels */ = {
			isa = PBXGroup;
			children = (
				6779E96D2996C5FB00D495F2 /* MainViewModel.swift */,
				6779E96E2996C5FB00D495F2 /* Bindings */,
			);
			path = ViewModels;
			sourceTree = "<group>";
		};
		6779E96E2996C5FB00D495F2 /* Bindings */ = {
			isa = PBXGroup;
			children = (
				6779E96F2996C5FB00D495F2 /* Dynamic.swift */,
			);
			path = Bindings;
			sourceTree = "<group>";
		};
/* End PBXGroup section */

/* Begin PBXNativeTarget section */
		6779E9422996C51600D495F2 /* TraidingSimulator */ = {
			isa = PBXNativeTarget;
			buildConfigurationList = 6779E9572996C51A00D495F2 /* Build configuration list for PBXNativeTarget "TraidingSimulator" */;
			buildPhases = (
				6779E93F2996C51600D495F2 /* Sources */,
				6779E9402996C51600D495F2 /* Frameworks */,
				6779E9412996C51600D495F2 /* Resources */,
			);
			buildRules = (
			);
			dependencies = (
			);
			name = TraidingSimulator;
			productName = TraidingSimulator;
			productReference = 6779E9432996C51600D495F2 /* TraidingSimulator.app */;
			productType = "com.apple.product-type.application";
		};
/* End PBXNativeTarget section */

/* Begin PBXProject section */
		6779E93B2996C51600D495F2 /* Project object */ = {
			isa = PBXProject;
			attributes = {
				BuildIndependentTargetsInParallel = 1;
				LastSwiftUpdateCheck = 1330;
				LastUpgradeCheck = 1330;
				TargetAttributes = {
					6779E9422996C51600D495F2 = {
						CreatedOnToolsVersion = 13.3.1;
					};
				};
			};
			buildConfigurationList = 6779E93E2996C51600D495F2 /* Build configuration list for PBXProject "TraidingSimulator" */;
			compatibilityVersion = "Xcode 13.0";
			developmentRegion = en;
			hasScannedForEncodings = 0;
			knownRegions = (
				en,
				Base,
			);
			mainGroup = 6779E93A2996C51600D495F2;
			productRefGroup = 6779E9442996C51600D495F2 /* Products */;
			projectDirPath = "";
			projectRoot = "";
			targets = (
				6779E9422996C51600D495F2 /* TraidingSimulator */,
			);
		};
/* End PBXProject section */

/* Begin PBXResourcesBuildPhase section */
		6779E9412996C51600D495F2 /* Resources */ = {
			isa = PBXResourcesBuildPhase;
			buildActionMask = 2147483647;
			files = (
				6779E9532996C51A00D495F2 /* LaunchScreen.storyboard in Resources */,
				6779E9502996C51A00D495F2 /* Assets.xcassets in Resources */,
			);
			runOnlyForDeploymentPostprocessing = 0;
		};
/* End PBXResourcesBuildPhase section */

/* Begin PBXSourcesBuildPhase section */
		6779E93F2996C51600D495F2 /* Sources */ = {
			isa = PBXSourcesBuildPhase;
			buildActionMask = 2147483647;
			files = (
				67B1CF56299799D200D79BAB /* UIButton+CustomButton.swift in Sources */,
				67B1CF5429978DE000D79BAB /* Onboarding.swift in Sources */,
				67B1CF5A2997AB0F00D79BAB /* UserDefaultsManager.swift in Sources */,
				67B1CF582997A54B00D79BAB /* UIViewController+showRateView.swift in Sources */,
				6779E9682996C5E100D495F2 /* CoordinatorProtocol.swift in Sources */,
				6779E9672996C5E100D495F2 /* AppCoordinator.swift in Sources */,
				6779E9752996C7E300D495F2 /* MainViewController.swift in Sources */,
				6779E9622996C5D600D495F2 /* Double+adjustSize.swift in Sources */,
				6779E9722996C5FB00D495F2 /* MainViewModel.swift in Sources */,
				6779E9602996C5D200D495F2 /* UIColor+hex.swift in Sources */,
				6779E9732996C5FB00D495F2 /* Dynamic.swift in Sources */,
				6779E9472996C51600D495F2 /* AppDelegate.swift in Sources */,
			);
			runOnlyForDeploymentPostprocessing = 0;
		};
/* End PBXSourcesBuildPhase section */

/* Begin PBXVariantGroup section */
		6779E9512996C51A00D495F2 /* LaunchScreen.storyboard */ = {
			isa = PBXVariantGroup;
			children = (
				6779E9522996C51A00D495F2 /* Base */,
			);
			name = LaunchScreen.storyboard;
			sourceTree = "<group>";
		};
/* End PBXVariantGroup section */

/* Begin XCBuildConfiguration section */
		6779E9552996C51A00D495F2 /* Debug */ = {
			isa = XCBuildConfiguration;
			buildSettings = {
				ALWAYS_SEARCH_USER_PATHS = NO;
				CLANG_ANALYZER_NONNULL = YES;
				CLANG_ANALYZER_NUMBER_OBJECT_CONVERSION = YES_AGGRESSIVE;
				CLANG_CXX_LANGUAGE_STANDARD = "gnu++17";
				CLANG_ENABLE_MODULES = YES;
				CLANG_ENABLE_OBJC_ARC = YES;
				CLANG_ENABLE_OBJC_WEAK = YES;
				CLANG_WARN_BLOCK_CAPTURE_AUTORELEASING = YES;
				CLANG_WARN_BOOL_CONVERSION = YES;
				CLANG_WARN_COMMA = YES;
				CLANG_WARN_CONSTANT_CONVERSION = YES;
				CLANG_WARN_DEPRECATED_OBJC_IMPLEMENTATIONS = YES;
				CLANG_WARN_DIRECT_OBJC_ISA_USAGE = YES_ERROR;
				CLANG_WARN_DOCUMENTATION_COMMENTS = YES;
				CLANG_WARN_EMPTY_BODY = YES;
				CLANG_WARN_ENUM_CONVERSION = YES;
				CLANG_WARN_INFINITE_RECURSION = YES;
				CLANG_WARN_INT_CONVERSION = YES;
				CLANG_WARN_NON_LITERAL_NULL_CONVERSION = YES;
				CLANG_WARN_OBJC_IMPLICIT_RETAIN_SELF = YES;
				CLANG_WARN_OBJC_LITERAL_CONVERSION = YES;
				CLANG_WARN_OBJC_ROOT_CLASS = YES_ERROR;
				CLANG_WARN_QUOTED_INCLUDE_IN_FRAMEWORK_HEADER = YES;
				CLANG_WARN_RANGE_LOOP_ANALYSIS = YES;
				CLANG_WARN_STRICT_PROTOTYPES = YES;
				CLANG_WARN_SUSPICIOUS_MOVE = YES;
				CLANG_WARN_UNGUARDED_AVAILABILITY = YES_AGGRESSIVE;
				CLANG_WARN_UNREACHABLE_CODE = YES;
				CLANG_WARN__DUPLICATE_METHOD_MATCH = YES;
				COPY_PHASE_STRIP = NO;
				DEBUG_INFORMATION_FORMAT = dwarf;
				ENABLE_STRICT_OBJC_MSGSEND = YES;
				ENABLE_TESTABILITY = YES;
				GCC_C_LANGUAGE_STANDARD = gnu11;
				GCC_DYNAMIC_NO_PIC = NO;
				GCC_NO_COMMON_BLOCKS = YES;
				GCC_OPTIMIZATION_LEVEL = 0;
				GCC_PREPROCESSOR_DEFINITIONS = (
					"DEBUG=1",
					"$(inherited)",
				);
				GCC_WARN_64_TO_32_BIT_CONVERSION = YES;
				GCC_WARN_ABOUT_RETURN_TYPE = YES_ERROR;
				GCC_WARN_UNDECLARED_SELECTOR = YES;
				GCC_WARN_UNINITIALIZED_AUTOS = YES_AGGRESSIVE;
				GCC_WARN_UNUSED_FUNCTION = YES;
				GCC_WARN_UNUSED_VARIABLE = YES;
				IPHONEOS_DEPLOYMENT_TARGET = 15.4;
				MTL_ENABLE_DEBUG_INFO = INCLUDE_SOURCE;
				MTL_FAST_MATH = YES;
				ONLY_ACTIVE_ARCH = YES;
				SDKROOT = iphoneos;
				SWIFT_ACTIVE_COMPILATION_CONDITIONS = DEBUG;
				SWIFT_OPTIMIZATION_LEVEL = "-Onone";
			};
			name = Debug;
		};
		6779E9562996C51A00D495F2 /* Release */ = {
			isa = XCBuildConfiguration;
			buildSettings = {
				ALWAYS_SEARCH_USER_PATHS = NO;
				CLANG_ANALYZER_NONNULL = YES;
				CLANG_ANALYZER_NUMBER_OBJECT_CONVERSION = YES_AGGRESSIVE;
				CLANG_CXX_LANGUAGE_STANDARD = "gnu++17";
				CLANG_ENABLE_MODULES = YES;
				CLANG_ENABLE_OBJC_ARC = YES;
				CLANG_ENABLE_OBJC_WEAK = YES;
				CLANG_WARN_BLOCK_CAPTURE_AUTORELEASING = YES;
				CLANG_WARN_BOOL_CONVERSION = YES;
				CLANG_WARN_COMMA = YES;
				CLANG_WARN_CONSTANT_CONVERSION = YES;
				CLANG_WARN_DEPRECATED_OBJC_IMPLEMENTATIONS = YES;
				CLANG_WARN_DIRECT_OBJC_ISA_USAGE = YES_ERROR;
				CLANG_WARN_DOCUMENTATION_COMMENTS = YES;
				CLANG_WARN_EMPTY_BODY = YES;
				CLANG_WARN_ENUM_CONVERSION = YES;
				CLANG_WARN_INFINITE_RECURSION = YES;
				CLANG_WARN_INT_CONVERSION = YES;
				CLANG_WARN_NON_LITERAL_NULL_CONVERSION = YES;
				CLANG_WARN_OBJC_IMPLICIT_RETAIN_SELF = YES;
				CLANG_WARN_OBJC_LITERAL_CONVERSION = YES;
				CLANG_WARN_OBJC_ROOT_CLASS = YES_ERROR;
				CLANG_WARN_QUOTED_INCLUDE_IN_FRAMEWORK_HEADER = YES;
				CLANG_WARN_RANGE_LOOP_ANALYSIS = YES;
				CLANG_WARN_STRICT_PROTOTYPES = YES;
				CLANG_WARN_SUSPICIOUS_MOVE = YES;
				CLANG_WARN_UNGUARDED_AVAILABILITY = YES_AGGRESSIVE;
				CLANG_WARN_UNREACHABLE_CODE = YES;
				CLANG_WARN__DUPLICATE_METHOD_MATCH = YES;
				COPY_PHASE_STRIP = NO;
				DEBUG_INFORMATION_FORMAT = "dwarf-with-dsym";
				ENABLE_NS_ASSERTIONS = NO;
				ENABLE_STRICT_OBJC_MSGSEND = YES;
				GCC_C_LANGUAGE_STANDARD = gnu11;
				GCC_NO_COMMON_BLOCKS = YES;
				GCC_WARN_64_TO_32_BIT_CONVERSION = YES;
				GCC_WARN_ABOUT_RETURN_TYPE = YES_ERROR;
				GCC_WARN_UNDECLARED_SELECTOR = YES;
				GCC_WARN_UNINITIALIZED_AUTOS = YES_AGGRESSIVE;
				GCC_WARN_UNUSED_FUNCTION = YES;
				GCC_WARN_UNUSED_VARIABLE = YES;
				IPHONEOS_DEPLOYMENT_TARGET = 15.4;
				MTL_ENABLE_DEBUG_INFO = NO;
				MTL_FAST_MATH = YES;
				SDKROOT = iphoneos;
				SWIFT_COMPILATION_MODE = wholemodule;
				SWIFT_OPTIMIZATION_LEVEL = "-O";
				VALIDATE_PRODUCT = YES;
			};
			name = Release;
		};
		6779E9582996C51A00D495F2 /* Debug */ = {
			isa = XCBuildConfiguration;
			buildSettings = {
				ASSETCATALOG_COMPILER_APPICON_NAME = AppIcon;
				ASSETCATALOG_COMPILER_GLOBAL_ACCENT_COLOR_NAME = AccentColor;
				CODE_SIGN_STYLE = Automatic;
				CURRENT_PROJECT_VERSION = 1;
				DEVELOPMENT_TEAM = 67A656CXMY;
				GENERATE_INFOPLIST_FILE = YES;
				INFOPLIST_FILE = TraidingSimulator/Info.plist;
				INFOPLIST_KEY_UIApplicationSupportsIndirectInputEvents = YES;
				INFOPLIST_KEY_UILaunchStoryboardName = LaunchScreen;
				INFOPLIST_KEY_UISupportedInterfaceOrientations = UIInterfaceOrientationPortrait;
				IPHONEOS_DEPLOYMENT_TARGET = 14.0;
				LD_RUNPATH_SEARCH_PATHS = (
					"$(inherited)",
					"@executable_path/Frameworks",
				);
				MARKETING_VERSION = 1.0;
				PRODUCT_BUNDLE_IDENTIFIER = Kyzu.TraidingSimulator;
				PRODUCT_NAME = "$(TARGET_NAME)";
				SWIFT_EMIT_LOC_STRINGS = YES;
				SWIFT_VERSION = 5.0;
				TARGETED_DEVICE_FAMILY = 1;
			};
			name = Debug;
		};
		6779E9592996C51A00D495F2 /* Release */ = {
			isa = XCBuildConfiguration;
			buildSettings = {
				ASSETCATALOG_COMPILER_APPICON_NAME = AppIcon;
				ASSETCATALOG_COMPILER_GLOBAL_ACCENT_COLOR_NAME = AccentColor;
				CODE_SIGN_STYLE = Automatic;
				CURRENT_PROJECT_VERSION = 1;
				DEVELOPMENT_TEAM = 67A656CXMY;
				GENERATE_INFOPLIST_FILE = YES;
				INFOPLIST_FILE = TraidingSimulator/Info.plist;
				INFOPLIST_KEY_UIApplicationSupportsIndirectInputEvents = YES;
				INFOPLIST_KEY_UILaunchStoryboardName = LaunchScreen;
				INFOPLIST_KEY_UISupportedInterfaceOrientations = UIInterfaceOrientationPortrait;
				IPHONEOS_DEPLOYMENT_TARGET = 14.0;
				LD_RUNPATH_SEARCH_PATHS = (
					"$(inherited)",
					"@executable_path/Frameworks",
				);
				MARKETING_VERSION = 1.0;
				PRODUCT_BUNDLE_IDENTIFIER = Kyzu.TraidingSimulator;
				PRODUCT_NAME = "$(TARGET_NAME)";
				SWIFT_EMIT_LOC_STRINGS = YES;
				SWIFT_VERSION = 5.0;
				TARGETED_DEVICE_FAMILY = 1;
			};
			name = Release;
		};
/* End XCBuildConfiguration section */

/* Begin XCConfigurationList section */
		6779E93E2996C51600D495F2 /* Build configuration list for PBXProject "TraidingSimulator" */ = {
			isa = XCConfigurationList;
			buildConfigurations = (
				6779E9552996C51A00D495F2 /* Debug */,
				6779E9562996C51A00D495F2 /* Release */,
			);
			defaultConfigurationIsVisible = 0;
			defaultConfigurationName = Release;
		};
		6779E9572996C51A00D495F2 /* Build configuration list for PBXNativeTarget "TraidingSimulator" */ = {
			isa = XCConfigurationList;
			buildConfigurations = (
				6779E9582996C51A00D495F2 /* Debug */,
				6779E9592996C51A00D495F2 /* Release */,
			);
			defaultConfigurationIsVisible = 0;
			defaultConfigurationName = Release;
		};
/* End XCConfigurationList section */
	};
	rootObject = 6779E93B2996C51600D495F2 /* Project object */;
}
